
Microsoft Visual Studio Solution File, Format Version 12.00
# Visual Studio 15
VisualStudioVersion = 15.0.26730.10
MinimumVisualStudioVersion = 10.0.40219.1
Project("{FAE04EC0-301F-11D3-BF4B-00C04F79EFBC}") = "OSS.Http.NET46", "OSS.Http\OSS.Http.NET46.csproj", "{28C84941-D088-4618-AECC-74553094C2B3}"
EndProject
Project("{FAE04EC0-301F-11D3-BF4B-00C04F79EFBC}") = "OSS.Http.Extention.NET46", "OSS.Http.Extention\OSS.Http.Extention.NET46.csproj", "{41E5145E-5166-48CD-B358-BF245A9239E2}"
EndProject
Global
	GlobalSection(SolutionConfigurationPlatforms) = preSolution
		Debug|Any CPU = Debug|Any CPU
		Release|Any CPU = Release|Any CPU
	EndGlobalSection
	GlobalSection(ProjectConfigurationPlatforms) = postSolution
		{28C84941-D088-4618-AECC-74553094C2B3}.Debug|Any CPU.ActiveCfg = Release|Any CPU
		{28C84941-D088-4618-AECC-74553094C2B3}.Debug|Any CPU.Build.0 = Release|Any CPU
		{28C84941-D088-4618-AECC-74553094C2B3}.Release|Any CPU.ActiveCfg = Release|Any CPU
		{28C84941-D088-4618-AECC-74553094C2B3}.Release|Any CPU.Build.0 = Release|Any CPU
		{41E5145E-5166-48CD-B358-BF245A9239E2}.Debug|Any CPU.ActiveCfg = Release|Any CPU
		{41E5145E-5166-48CD-B358-BF245A9239E2}.Debug|Any CPU.Build.0 = Release|Any CPU
		{41E5145E-5166-48CD-B358-BF245A9239E2}.Release|Any CPU.ActiveCfg = Release|Any CPU
		{41E5145E-5166-48CD-B358-BF245A9239E2}.Release|Any CPU.Build.0 = Release|Any CPU
	EndGlobalSection
	GlobalSection(SolutionProperties) = preSolution
		HideSolutionNode = FALSE
	EndGlobalSection
	GlobalSection(ExtensibilityGlobals) = postSolution
		SolutionGuid = {D1FE4AA9-1CEF-4AAD-BE96-A6050A03A098}
	EndGlobalSection
EndGlobal
