
Microsoft Visual Studio Solution File, Format Version 12.00
# Visual Studio Version 16
VisualStudioVersion = 16.0.29509.3
MinimumVisualStudioVersion = 10.0.40219.1
Project("{2150E333-8FDC-42A3-9474-1A3956D46DE8}") = "Cache", "Cache", "{AA2F5FE1-0AE4-4455-BFF7-172D2741240F}"
EndProject
Project("{9A19103F-16F7-4668-BE54-9A1E7A4F7556}") = "OSS.Tools.Cache", "Cache\OSS.Tools.Cache\OSS.Tools.Cache.csproj", "{D53FD423-1407-47D3-9266-F9D73E85D062}"
EndProject
Project("{2150E333-8FDC-42A3-9474-1A3956D46DE8}") = "Log", "Log", "{32DF53EA-6D4A-4E0D-AF0D-85C5FA700143}"
EndProject
Project("{9A19103F-16F7-4668-BE54-9A1E7A4F7556}") = "OSS.Tools.Log", "Log\OSS.Tools.Log\OSS.Tools.Log.csproj", "{514558BE-C877-4165-98B3-7EEDCBD76A64}"
EndProject
Project("{2150E333-8FDC-42A3-9474-1A3956D46DE8}") = "Config", "Config", "{D57D765E-43C3-4F1C-A758-4A42E0C61212}"
EndProject
Project("{9A19103F-16F7-4668-BE54-9A1E7A4F7556}") = "OSS.Tools.DirConfig", "Config\OSS.Tools.DirConfig\OSS.Tools.DirConfig.csproj", "{C50DCF64-7510-4811-82E2-C2E63A131C69}"
EndProject
Project("{9A19103F-16F7-4668-BE54-9A1E7A4F7556}") = "OSS.Tools.Config", "Config\OSS.Tools.Config\OSS.Tools.Config.csproj", "{05B59907-BA1C-4A37-AEFE-0E2972367D7D}"
EndProject
Project("{9A19103F-16F7-4668-BE54-9A1E7A4F7556}") = "OSS.Tools.RedisCache", "Cache\OSS.Tools.RedisCache\OSS.Tools.RedisCache.csproj", "{F55C17BF-F87F-460C-B730-403F3EC49929}"
EndProject
Project("{2150E333-8FDC-42A3-9474-1A3956D46DE8}") = "Tests", "Tests", "{3F7591FA-9F56-4724-8222-144C923744D9}"
EndProject
Project("{9A19103F-16F7-4668-BE54-9A1E7A4F7556}") = "OSS.Tools.Tests", "Tests\OSS.Tools.Tests\OSS.Tools.Tests.csproj", "{91BB536E-3183-4159-A969-FFF6219D48FD}"
EndProject
Project("{2150E333-8FDC-42A3-9474-1A3956D46DE8}") = "Http", "Http", "{61B40C9B-71C4-4F33-8F1E-6AE9AE3522BD}"
EndProject
Project("{9A19103F-16F7-4668-BE54-9A1E7A4F7556}") = "OSS.Tools.Http", "Http\OSS.Tools.Http\OSS.Tools.Http.csproj", "{761044C8-D854-4D5F-98E4-9063CC9ABFFF}"
EndProject
Project("{2150E333-8FDC-42A3-9474-1A3956D46DE8}") = "Job", "Job", "{B88F34C8-3F81-4CA7-AD6C-03AF909E39F9}"
EndProject
Project("{FAE04EC0-301F-11D3-BF4B-00C04F79EFBC}") = "OSS.Tools.TimerJob", "Job\OSS.Tools.TimerJob\OSS.Tools.TimerJob.csproj", "{0D04329D-6702-41AD-B8CC-C274AC4D8BE8}"
EndProject
Global
	GlobalSection(SolutionConfigurationPlatforms) = preSolution
		Debug|Any CPU = Debug|Any CPU
		Release|Any CPU = Release|Any CPU
	EndGlobalSection
	GlobalSection(ProjectConfigurationPlatforms) = postSolution
		{D53FD423-1407-47D3-9266-F9D73E85D062}.Debug|Any CPU.ActiveCfg = Release|Any CPU
		{D53FD423-1407-47D3-9266-F9D73E85D062}.Debug|Any CPU.Build.0 = Release|Any CPU
		{D53FD423-1407-47D3-9266-F9D73E85D062}.Release|Any CPU.ActiveCfg = Release|Any CPU
		{D53FD423-1407-47D3-9266-F9D73E85D062}.Release|Any CPU.Build.0 = Release|Any CPU
		{514558BE-C877-4165-98B3-7EEDCBD76A64}.Debug|Any CPU.ActiveCfg = Release|Any CPU
		{514558BE-C877-4165-98B3-7EEDCBD76A64}.Debug|Any CPU.Build.0 = Release|Any CPU
		{514558BE-C877-4165-98B3-7EEDCBD76A64}.Release|Any CPU.ActiveCfg = Release|Any CPU
		{514558BE-C877-4165-98B3-7EEDCBD76A64}.Release|Any CPU.Build.0 = Release|Any CPU
		{C50DCF64-7510-4811-82E2-C2E63A131C69}.Debug|Any CPU.ActiveCfg = Release|Any CPU
		{C50DCF64-7510-4811-82E2-C2E63A131C69}.Debug|Any CPU.Build.0 = Release|Any CPU
		{C50DCF64-7510-4811-82E2-C2E63A131C69}.Release|Any CPU.ActiveCfg = Release|Any CPU
		{C50DCF64-7510-4811-82E2-C2E63A131C69}.Release|Any CPU.Build.0 = Release|Any CPU
		{05B59907-BA1C-4A37-AEFE-0E2972367D7D}.Debug|Any CPU.ActiveCfg = Release|Any CPU
		{05B59907-BA1C-4A37-AEFE-0E2972367D7D}.Debug|Any CPU.Build.0 = Release|Any CPU
		{05B59907-BA1C-4A37-AEFE-0E2972367D7D}.Release|Any CPU.ActiveCfg = Release|Any CPU
		{05B59907-BA1C-4A37-AEFE-0E2972367D7D}.Release|Any CPU.Build.0 = Release|Any CPU
		{F55C17BF-F87F-460C-B730-403F3EC49929}.Debug|Any CPU.ActiveCfg = Release|Any CPU
		{F55C17BF-F87F-460C-B730-403F3EC49929}.Debug|Any CPU.Build.0 = Release|Any CPU
		{F55C17BF-F87F-460C-B730-403F3EC49929}.Release|Any CPU.ActiveCfg = Release|Any CPU
		{F55C17BF-F87F-460C-B730-403F3EC49929}.Release|Any CPU.Build.0 = Release|Any CPU
		{91BB536E-3183-4159-A969-FFF6219D48FD}.Debug|Any CPU.ActiveCfg = Debug|Any CPU
		{91BB536E-3183-4159-A969-FFF6219D48FD}.Debug|Any CPU.Build.0 = Debug|Any CPU
		{91BB536E-3183-4159-A969-FFF6219D48FD}.Release|Any CPU.ActiveCfg = Release|Any CPU
		{91BB536E-3183-4159-A969-FFF6219D48FD}.Release|Any CPU.Build.0 = Release|Any CPU
		{761044C8-D854-4D5F-98E4-9063CC9ABFFF}.Debug|Any CPU.ActiveCfg = Release|Any CPU
		{761044C8-D854-4D5F-98E4-9063CC9ABFFF}.Debug|Any CPU.Build.0 = Release|Any CPU
		{761044C8-D854-4D5F-98E4-9063CC9ABFFF}.Release|Any CPU.ActiveCfg = Release|Any CPU
		{761044C8-D854-4D5F-98E4-9063CC9ABFFF}.Release|Any CPU.Build.0 = Release|Any CPU
		{0D04329D-6702-41AD-B8CC-C274AC4D8BE8}.Debug|Any CPU.ActiveCfg = Release|Any CPU
		{0D04329D-6702-41AD-B8CC-C274AC4D8BE8}.Debug|Any CPU.Build.0 = Release|Any CPU
		{0D04329D-6702-41AD-B8CC-C274AC4D8BE8}.Release|Any CPU.ActiveCfg = Release|Any CPU
		{0D04329D-6702-41AD-B8CC-C274AC4D8BE8}.Release|Any CPU.Build.0 = Release|Any CPU
	EndGlobalSection
	GlobalSection(SolutionProperties) = preSolution
		HideSolutionNode = FALSE
	EndGlobalSection
	GlobalSection(NestedProjects) = preSolution
		{D53FD423-1407-47D3-9266-F9D73E85D062} = {AA2F5FE1-0AE4-4455-BFF7-172D2741240F}
		{514558BE-C877-4165-98B3-7EEDCBD76A64} = {32DF53EA-6D4A-4E0D-AF0D-85C5FA700143}
		{C50DCF64-7510-4811-82E2-C2E63A131C69} = {D57D765E-43C3-4F1C-A758-4A42E0C61212}
		{05B59907-BA1C-4A37-AEFE-0E2972367D7D} = {D57D765E-43C3-4F1C-A758-4A42E0C61212}
		{F55C17BF-F87F-460C-B730-403F3EC49929} = {AA2F5FE1-0AE4-4455-BFF7-172D2741240F}
		{91BB536E-3183-4159-A969-FFF6219D48FD} = {3F7591FA-9F56-4724-8222-144C923744D9}
		{761044C8-D854-4D5F-98E4-9063CC9ABFFF} = {61B40C9B-71C4-4F33-8F1E-6AE9AE3522BD}
		{0D04329D-6702-41AD-B8CC-C274AC4D8BE8} = {B88F34C8-3F81-4CA7-AD6C-03AF909E39F9}
	EndGlobalSection
	GlobalSection(ExtensibilityGlobals) = postSolution
		SolutionGuid = {C8EBEE97-F443-4BCA-8A47-5C67E3B3B72C}
	EndGlobalSection
EndGlobal
