
Microsoft Visual Studio Solution File, Format Version 12.00
# Visual Studio 15
VisualStudioVersion = 15.0.26206.0
MinimumVisualStudioVersion = 10.0.40219.1
Project("{FAE04EC0-301F-11D3-BF4B-00C04F79EFBC}") = "OSS.Http", "OSS.Http\OSS.Http.csproj", "{7AE49C75-D715-4688-8E11-A8334C461608}"
EndProject
Project("{FAE04EC0-301F-11D3-BF4B-00C04F79EFBC}") = "OSS.Http.Test", "Tests\OSS.Http.Test\OSS.Http.Test.csproj", "{1706C612-6932-4844-9B54-62765D23387F}"
EndProject
Global
	GlobalSection(SolutionConfigurationPlatforms) = preSolution
		Debug|Any CPU = Debug|Any CPU
		Release|Any CPU = Release|Any CPU
	EndGlobalSection
	GlobalSection(ProjectConfigurationPlatforms) = postSolution
		{7AE49C75-D715-4688-8E11-A8334C461608}.Debug|Any CPU.ActiveCfg = Debug|Any CPU
		{7AE49C75-D715-4688-8E11-A8334C461608}.Debug|Any CPU.Build.0 = Debug|Any CPU
		{7AE49C75-D715-4688-8E11-A8334C461608}.Release|Any CPU.ActiveCfg = Release|Any CPU
		{7AE49C75-D715-4688-8E11-A8334C461608}.Release|Any CPU.Build.0 = Release|Any CPU
		{1706C612-6932-4844-9B54-62765D23387F}.Debug|Any CPU.ActiveCfg = Debug|Any CPU
		{1706C612-6932-4844-9B54-62765D23387F}.Debug|Any CPU.Build.0 = Debug|Any CPU
		{1706C612-6932-4844-9B54-62765D23387F}.Release|Any CPU.ActiveCfg = Release|Any CPU
		{1706C612-6932-4844-9B54-62765D23387F}.Release|Any CPU.Build.0 = Release|Any CPU
	EndGlobalSection
	GlobalSection(SolutionProperties) = preSolution
		HideSolutionNode = FALSE
	EndGlobalSection
EndGlobal
